
Microsoft Visual Studio Solution File, Format Version 12.00
# Visual Studio 15
VisualStudioVersion = 15.0.28307.757
MinimumVisualStudioVersion = 10.0.40219.1
Project("{FAE04EC0-301F-11D3-BF4B-00C04F79EFBC}") = "SMSTickerAlert", "SMSTickerAlert\SMSTickerAlert.csproj", "{01FE5691-6FA1-470F-8F10-7E6D72F1F2F6}"
EndProject
Project("{FAE04EC0-301F-11D3-BF4B-00C04F79EFBC}") = "TickerUpdater", "TickerUpdater\TickerUpdater.csproj", "{728E4DA3-73B1-466D-AFAC-4EED6CBF57B9}"
EndProject
Project("{FAE04EC0-301F-11D3-BF4B-00C04F79EFBC}") = "ModelsCommons", "ModelsCommons\ModelsCommons.csproj", "{B12CBE5B-40AC-436D-B30E-F796A1248C7B}"
EndProject
Global
	GlobalSection(SolutionConfigurationPlatforms) = preSolution
		Debug|Any CPU = Debug|Any CPU
		Release|Any CPU = Release|Any CPU
	EndGlobalSection
	GlobalSection(ProjectConfigurationPlatforms) = postSolution
		{01FE5691-6FA1-470F-8F10-7E6D72F1F2F6}.Debug|Any CPU.ActiveCfg = Debug|Any CPU
		{01FE5691-6FA1-470F-8F10-7E6D72F1F2F6}.Debug|Any CPU.Build.0 = Debug|Any CPU
		{01FE5691-6FA1-470F-8F10-7E6D72F1F2F6}.Release|Any CPU.ActiveCfg = Release|Any CPU
		{01FE5691-6FA1-470F-8F10-7E6D72F1F2F6}.Release|Any CPU.Build.0 = Release|Any CPU
		{728E4DA3-73B1-466D-AFAC-4EED6CBF57B9}.Debug|Any CPU.ActiveCfg = Debug|Any CPU
		{728E4DA3-73B1-466D-AFAC-4EED6CBF57B9}.Debug|Any CPU.Build.0 = Debug|Any CPU
		{728E4DA3-73B1-466D-AFAC-4EED6CBF57B9}.Release|Any CPU.ActiveCfg = Release|Any CPU
		{728E4DA3-73B1-466D-AFAC-4EED6CBF57B9}.Release|Any CPU.Build.0 = Release|Any CPU
		{B12CBE5B-40AC-436D-B30E-F796A1248C7B}.Debug|Any CPU.ActiveCfg = Debug|Any CPU
		{B12CBE5B-40AC-436D-B30E-F796A1248C7B}.Debug|Any CPU.Build.0 = Debug|Any CPU
		{B12CBE5B-40AC-436D-B30E-F796A1248C7B}.Release|Any CPU.ActiveCfg = Release|Any CPU
		{B12CBE5B-40AC-436D-B30E-F796A1248C7B}.Release|Any CPU.Build.0 = Release|Any CPU
	EndGlobalSection
	GlobalSection(SolutionProperties) = preSolution
		HideSolutionNode = FALSE
	EndGlobalSection
	GlobalSection(ExtensibilityGlobals) = postSolution
		SolutionGuid = {B423358D-4170-4301-AB33-D2DFCDD29B6B}
	EndGlobalSection
EndGlobal
